
Microsoft Visual Studio Solution File, Format Version 12.00
# Visual Studio Version 16
VisualStudioVersion = 16.0.30320.27
MinimumVisualStudioVersion = 10.0.40219.1
Project("{888888A0-9F3D-457C-B088-3A5042F75D52}") = "BasicDjangoProject", "BasicDjangoProject\BasicDjangoProject.pyproj", "{1314FBF2-711C-4A68-A527-813F394E1CEB}"
EndProject
Project("{888888A0-9F3D-457C-B088-3A5042F75D52}") = "DjangoWeb", "DjangoWeb\DjangoWeb.pyproj", "{7D207F86-1DAC-4FBE-BBAD-718CF021096D}"
EndProject
Project("{888888A0-9F3D-457C-B088-3A5042F75D52}") = "DjangoPolls", "DjangoPolls\DjangoPolls.pyproj", "{8FB8CE87-272D-4A0B-8ED2-1693E113BF9B}"
EndProject
Global
	GlobalSection(SolutionConfigurationPlatforms) = preSolution
		Debug|Any CPU = Debug|Any CPU
		Release|Any CPU = Release|Any CPU
	EndGlobalSection
	GlobalSection(ProjectConfigurationPlatforms) = postSolution
		{1314FBF2-711C-4A68-A527-813F394E1CEB}.Debug|Any CPU.ActiveCfg = Debug|Any CPU
		{1314FBF2-711C-4A68-A527-813F394E1CEB}.Debug|Any CPU.Build.0 = Debug|Any CPU
		{1314FBF2-711C-4A68-A527-813F394E1CEB}.Release|Any CPU.ActiveCfg = Release|Any CPU
		{1314FBF2-711C-4A68-A527-813F394E1CEB}.Release|Any CPU.Build.0 = Release|Any CPU
		{7D207F86-1DAC-4FBE-BBAD-718CF021096D}.Debug|Any CPU.ActiveCfg = Debug|Any CPU
		{7D207F86-1DAC-4FBE-BBAD-718CF021096D}.Debug|Any CPU.Build.0 = Debug|Any CPU
		{7D207F86-1DAC-4FBE-BBAD-718CF021096D}.Release|Any CPU.ActiveCfg = Release|Any CPU
		{7D207F86-1DAC-4FBE-BBAD-718CF021096D}.Release|Any CPU.Build.0 = Release|Any CPU
		{8FB8CE87-272D-4A0B-8ED2-1693E113BF9B}.Debug|Any CPU.ActiveCfg = Debug|Any CPU
		{8FB8CE87-272D-4A0B-8ED2-1693E113BF9B}.Debug|Any CPU.Build.0 = Debug|Any CPU
		{8FB8CE87-272D-4A0B-8ED2-1693E113BF9B}.Release|Any CPU.ActiveCfg = Release|Any CPU
		{8FB8CE87-272D-4A0B-8ED2-1693E113BF9B}.Release|Any CPU.Build.0 = Release|Any CPU
	EndGlobalSection
	GlobalSection(SolutionProperties) = preSolution
		HideSolutionNode = FALSE
	EndGlobalSection
	GlobalSection(ExtensibilityGlobals) = postSolution
		SolutionGuid = {FC4570D8-70E6-489B-8A59-A5195DC5DF51}
	EndGlobalSection
EndGlobal
